
Microsoft Visual Studio Solution File, Format Version 12.00
# Visual Studio Version 17
VisualStudioVersion = 17.14.37516.0
MinimumVisualStudioVersion = 10.0.40219.1
Project("{FAE04EC0-301F-11D3-BF4B-00C04F79EFBC}") = "MabinogiMobileServer", "MabinogiMobileServer\MabinogiMobileServer.csproj", "{C6F1A7A0-A956-499C-848F-FFEA43D37F36}"
EndProject
Project("{FAE04EC0-301F-11D3-BF4B-00C04F79EFBC}") = "CoreModule", "..\..\Shared\CoreModule\CoreModule.csproj", "{3B2C4A3D-E3D7-E9C6-542F-A8B732846562}"
EndProject
Global
	GlobalSection(SolutionConfigurationPlatforms) = preSolution
		Debug|Any CPU = Debug|Any CPU
		Release|Any CPU = Release|Any CPU
	EndGlobalSection
	GlobalSection(ProjectConfigurationPlatforms) = postSolution
		{C6F1A7A0-A956-499C-848F-FFEA43D37F36}.Debug|Any CPU.ActiveCfg = Debug|Any CPU
		{C6F1A7A0-A956-499C-848F-FFEA43D37F36}.Debug|Any CPU.Build.0 = Debug|Any CPU
		{C6F1A7A0-A956-499C-848F-FFEA43D37F36}.Release|Any CPU.ActiveCfg = Release|Any CPU
		{C6F1A7A0-A956-499C-848F-FFEA43D37F36}.Release|Any CPU.Build.0 = Release|Any CPU
		{3B2C4A3D-E3D7-E9C6-542F-A8B732846562}.Debug|Any CPU.ActiveCfg = Debug|Any CPU
		{3B2C4A3D-E3D7-E9C6-542F-A8B732846562}.Debug|Any CPU.Build.0 = Debug|Any CPU
		{3B2C4A3D-E3D7-E9C6-542F-A8B732846562}.Release|Any CPU.ActiveCfg = Release|Any CPU
		{3B2C4A3D-E3D7-E9C6-542F-A8B732846562}.Release|Any CPU.Build.0 = Release|Any CPU
	EndGlobalSection
	GlobalSection(SolutionProperties) = preSolution
		HideSolutionNode = FALSE
	EndGlobalSection
	GlobalSection(ExtensibilityGlobals) = postSolution
		SolutionGuid = {875AD17B-0C36-4DFB-8375-0C1C6834F175}
	EndGlobalSection
EndGlobal
